// !$*UTF8*$!
{
	archiveVersion = 1;
	classes = {
	};
	objectVersion = 46;
	objects = {

/* Begin PBXBuildFile section */
		D8D0F8331A89C750007653FA /* main.m in Sources */ = {isa = PBXBuildFile; fileRef = D8D0F8321A89C750007653FA /* main.m */; };
		D8D0F8361A89C750007653FA /* AppDelegate.m in Sources */ = {isa = PBXBuildFile; fileRef = D8D0F8351A89C750007653FA /* AppDelegate.m */; };
		D8D0F8391A89C750007653FA /* ViewController.m in Sources */ = {isa = PBXBuildFile; fileRef = D8D0F8381A89C750007653FA /* ViewController.m */; };
		D8D0F83C1A89C750007653FA /* Main.storyboard in Resources */ = {isa = PBXBuildFile; fileRef = D8D0F83A1A89C750007653FA /* Main.storyboard */; };
		D8D0F83E1A89C750007653FA /* Images.xcassets in Resources */ = {isa = PBXBuildFile; fileRef = D8D0F83D1A89C750007653FA /* Images.xcassets */; };
		D8D0F8411A89C750007653FA /* LaunchScreen.xib in Resources */ = {isa = PBXBuildFile; fileRef = D8D0F83F1A89C750007653FA /* LaunchScreen.xib */; };
		D8D0F84D1A89C750007653FA /* Pollution_Index_ScraperTests.m in Sources */ = {isa = PBXBuildFile; fileRef = D8D0F84C1A89C750007653FA /* Pollution_Index_ScraperTests.m */; };
		D8D0F8571A89C786007653FA /* MapKit.framework in Frameworks */ = {isa = PBXBuildFile; fileRef = D8D0F8561A89C786007653FA /* MapKit.framework */; };
		D8D0F8FB1A89C7BF007653FA /* AFHTTPRequestOperation.m in Sources */ = {isa = PBXBuildFile; fileRef = D8D0F85F1A89C7BF007653FA /* AFHTTPRequestOperation.m */; };
		D8D0F8FC1A89C7BF007653FA /* AFHTTPRequestOperationManager.m in Sources */ = {isa = PBXBuildFile; fileRef = D8D0F8611A89C7BF007653FA /* AFHTTPRequestOperationManager.m */; };
		D8D0F8FD1A89C7BF007653FA /* AFHTTPSessionManager.m in Sources */ = {isa = PBXBuildFile; fileRef = D8D0F8631A89C7BF007653FA /* AFHTTPSessionManager.m */; };
		D8D0F8FE1A89C7BF007653FA /* AFNetworkReachabilityManager.m in Sources */ = {isa = PBXBuildFile; fileRef = D8D0F8661A89C7BF007653FA /* AFNetworkReachabilityManager.m */; };
		D8D0F8FF1A89C7BF007653FA /* AFSecurityPolicy.m in Sources */ = {isa = PBXBuildFile; fileRef = D8D0F8681A89C7BF007653FA /* AFSecurityPolicy.m */; };
		D8D0F9001A89C7BF007653FA /* AFURLConnectionOperation.m in Sources */ = {isa = PBXBuildFile; fileRef = D8D0F86A1A89C7BF007653FA /* AFURLConnectionOperation.m */; };
		D8D0F9011A89C7BF007653FA /* AFURLRequestSerialization.m in Sources */ = {isa = PBXBuildFile; fileRef = D8D0F86C1A89C7BF007653FA /* AFURLRequestSerialization.m */; };
		D8D0F9021A89C7BF007653FA /* AFURLResponseSerialization.m in Sources */ = {isa = PBXBuildFile; fileRef = D8D0F86E1A89C7BF007653FA /* AFURLResponseSerialization.m */; };
		D8D0F9031A89C7BF007653FA /* AFURLSessionManager.m in Sources */ = {isa = PBXBuildFile; fileRef = D8D0F8701A89C7BF007653FA /* AFURLSessionManager.m */; };
		D8D0F9481A89C7BF007653FA /* AFNetworkActivityIndicatorManager.m in Sources */ = {isa = PBXBuildFile; fileRef = D8D0F8E21A89C7BF007653FA /* AFNetworkActivityIndicatorManager.m */; };
		D8D0F9491A89C7BF007653FA /* UIActivityIndicatorView+AFNetworking.m in Sources */ = {isa = PBXBuildFile; fileRef = D8D0F8E41A89C7BF007653FA /* UIActivityIndicatorView+AFNetworking.m */; };
		D8D0F94A1A89C7BF007653FA /* UIAlertView+AFNetworking.m in Sources */ = {isa = PBXBuildFile; fileRef = D8D0F8E61A89C7BF007653FA /* UIAlertView+AFNetworking.m */; };
		D8D0F94B1A89C7BF007653FA /* UIButton+AFNetworking.m in Sources */ = {isa = PBXBuildFile; fileRef = D8D0F8E81A89C7BF007653FA /* UIButton+AFNetworking.m */; };
		D8D0F94C1A89C7BF007653FA /* UIImageView+AFNetworking.m in Sources */ = {isa = PBXBuildFile; fileRef = D8D0F8EA1A89C7BF007653FA /* UIImageView+AFNetworking.m */; };
		D8D0F94D1A89C7BF007653FA /* UIProgressView+AFNetworking.m in Sources */ = {isa = PBXBuildFile; fileRef = D8D0F8ED1A89C7BF007653FA /* UIProgressView+AFNetworking.m */; };
		D8D0F94E1A89C7BF007653FA /* UIRefreshControl+AFNetworking.m in Sources */ = {isa = PBXBuildFile; fileRef = D8D0F8EF1A89C7BF007653FA /* UIRefreshControl+AFNetworking.m */; };
		D8D0F94F1A89C7BF007653FA /* UIWebView+AFNetworking.m in Sources */ = {isa = PBXBuildFile; fileRef = D8D0F8F11A89C7BF007653FA /* UIWebView+AFNetworking.m */; };
		D8D0F9501A89C7BF007653FA /* HTMLNode.m in Sources */ = {isa = PBXBuildFile; fileRef = D8D0F8F41A89C7BF007653FA /* HTMLNode.m */; };
		D8D0F9511A89C7BF007653FA /* HTMLParser.m in Sources */ = {isa = PBXBuildFile; fileRef = D8D0F8F61A89C7BF007653FA /* HTMLParser.m */; };
		D8D0F9601A89C806007653FA /* libxml2.dylib in Frameworks */ = {isa = PBXBuildFile; fileRef = D8D0F95F1A89C806007653FA /* libxml2.dylib */; };
		D8D0F9621A89CB8B007653FA /* CoreLocation.framework in Frameworks */ = {isa = PBXBuildFile; fileRef = D8D0F9611A89CB8B007653FA /* CoreLocation.framework */; };
		D8D0F9661A89CD27007653FA /* PISAnnotation.m in Sources */ = {isa = PBXBuildFile; fileRef = D8D0F9651A89CD27007653FA /* PISAnnotation.m */; };
/* End PBXBuildFile section */

/* Begin PBXContainerItemProxy section */
		D8D0F8471A89C750007653FA /* PBXContainerItemProxy */ = {
			isa = PBXContainerItemProxy;
			containerPortal = D8D0F8251A89C750007653FA /* Project object */;
			proxyType = 1;
			remoteGlobalIDString = D8D0F82C1A89C750007653FA;
			remoteInfo = "Pollution Index Scraper";
		};
/* End PBXContainerItemProxy section */

/* Begin PBXFileReference section */
		D8D0F82D1A89C750007653FA /* Pollution Index Scraper.app */ = {isa = PBXFileReference; explicitFileType = wrapper.application; includeInIndex = 0; path = "Pollution Index Scraper.app"; sourceTree = BUILT_PRODUCTS_DIR; };
		D8D0F8311A89C750007653FA /* Info.plist */ = {isa = PBXFileReference; lastKnownFileType = text.plist.xml; path = Info.plist; sourceTree = "<group>"; };
		D8D0F8321A89C750007653FA /* main.m */ = {isa = PBXFileReference; lastKnownFileType = sourcecode.c.objc; path = main.m; sourceTree = "<group>"; };
		D8D0F8341A89C750007653FA /* AppDelegate.h */ = {isa = PBXFileReference; lastKnownFileType = sourcecode.c.h; path = AppDelegate.h; sourceTree = "<group>"; };
		D8D0F8351A89C750007653FA /* AppDelegate.m */ = {isa = PBXFileReference; lastKnownFileType = sourcecode.c.objc; path = AppDelegate.m; sourceTree = "<group>"; };
		D8D0F8371A89C750007653FA /* ViewController.h */ = {isa = PBXFileReference; lastKnownFileType = sourcecode.c.h; path = ViewController.h; sourceTree = "<group>"; };
		D8D0F8381A89C750007653FA /* ViewController.m */ = {isa = PBXFileReference; lastKnownFileType = sourcecode.c.objc; path = ViewController.m; sourceTree = "<group>"; };
		D8D0F83B1A89C750007653FA /* Base */ = {isa = PBXFileReference; lastKnownFileType = file.storyboard; name = Base; path = Base.lproj/Main.storyboard; sourceTree = "<group>"; };
		D8D0F83D1A89C750007653FA /* Images.xcassets */ = {isa = PBXFileReference; lastKnownFileType = folder.assetcatalog; path = Images.xcassets; sourceTree = "<group>"; };
		D8D0F8401A89C750007653FA /* Base */ = {isa = PBXFileReference; lastKnownFileType = file.xib; name = Base; path = Base.lproj/LaunchScreen.xib; sourceTree = "<group>"; };
		D8D0F8461A89C750007653FA /* Pollution Index ScraperTests.xctest */ = {isa = PBXFileReference; explicitFileType = wrapper.cfbundle; includeInIndex = 0; path = "Pollution Index ScraperTests.xctest"; sourceTree = BUILT_PRODUCTS_DIR; };
		D8D0F84B1A89C750007653FA /* Info.plist */ = {isa = PBXFileReference; lastKnownFileType = text.plist.xml; path = Info.plist; sourceTree = "<group>"; };
		D8D0F84C1A89C750007653FA /* Pollution_Index_ScraperTests.m */ = {isa = PBXFileReference; lastKnownFileType = sourcecode.c.objc; path = Pollution_Index_ScraperTests.m; sourceTree = "<group>"; };
		D8D0F8561A89C786007653FA /* MapKit.framework */ = {isa = PBXFileReference; lastKnownFileType = wrapper.framework; name = MapKit.framework; path = System/Library/Frameworks/MapKit.framework; sourceTree = SDKROOT; };
		D8D0F85E1A89C7BF007653FA /* AFHTTPRequestOperation.h */ = {isa = PBXFileReference; fileEncoding = 4; lastKnownFileType = sourcecode.c.h; path = AFHTTPRequestOperation.h; sourceTree = "<group>"; };
		D8D0F85F1A89C7BF007653FA /* AFHTTPRequestOperation.m */ = {isa = PBXFileReference; fileEncoding = 4; lastKnownFileType = sourcecode.c.objc; path = AFHTTPRequestOperation.m; sourceTree = "<group>"; };
		D8D0F8601A89C7BF007653FA /* AFHTTPRequestOperationManager.h */ = {isa = PBXFileReference; fileEncoding = 4; lastKnownFileType = sourcecode.c.h; path = AFHTTPRequestOperationManager.h; sourceTree = "<group>"; };
		D8D0F8611A89C7BF007653FA /* AFHTTPRequestOperationManager.m */ = {isa = PBXFileReference; fileEncoding = 4; lastKnownFileType = sourcecode.c.objc; path = AFHTTPRequestOperationManager.m; sourceTree = "<group>"; };
		D8D0F8621A89C7BF007653FA /* AFHTTPSessionManager.h */ = {isa = PBXFileReference; fileEncoding = 4; lastKnownFileType = sourcecode.c.h; path = AFHTTPSessionManager.h; sourceTree = "<group>"; };
		D8D0F8631A89C7BF007653FA /* AFHTTPSessionManager.m */ = {isa = PBXFileReference; fileEncoding = 4; lastKnownFileType = sourcecode.c.objc; path = AFHTTPSessionManager.m; sourceTree = "<group>"; };
		D8D0F8641A89C7BF007653FA /* AFNetworking.h */ = {isa = PBXFileReference; fileEncoding = 4; lastKnownFileType = sourcecode.c.h; path = AFNetworking.h; sourceTree = "<group>"; };
		D8D0F8651A89C7BF007653FA /* AFNetworkReachabilityManager.h */ = {isa = PBXFileReference; fileEncoding = 4; lastKnownFileType = sourcecode.c.h; path = AFNetworkReachabilityManager.h; sourceTree = "<group>"; };
		D8D0F8661A89C7BF007653FA /* AFNetworkReachabilityManager.m */ = {isa = PBXFileReference; fileEncoding = 4; lastKnownFileType = sourcecode.c.objc; path = AFNetworkReachabilityManager.m; sourceTree = "<group>"; };
		D8D0F8671A89C7BF007653FA /* AFSecurityPolicy.h */ = {isa = PBXFileReference; fileEncoding = 4; lastKnownFileType = sourcecode.c.h; path = AFSecurityPolicy.h; sourceTree = "<group>"; };
		D8D0F8681A89C7BF007653FA /* AFSecurityPolicy.m */ = {isa = PBXFileReference; fileEncoding = 4; lastKnownFileType = sourcecode.c.objc; path = AFSecurityPolicy.m; sourceTree = "<group>"; };
		D8D0F8691A89C7BF007653FA /* AFURLConnectionOperation.h */ = {isa = PBXFileReference; fileEncoding = 4; lastKnownFileType = sourcecode.c.h; path = AFURLConnectionOperation.h; sourceTree = "<group>"; };
		D8D0F86A1A89C7BF007653FA /* AFURLConnectionOperation.m */ = {isa = PBXFileReference; fileEncoding = 4; lastKnownFileType = sourcecode.c.objc; path = AFURLConnectionOperation.m; sourceTree = "<group>"; };
		D8D0F86B1A89C7BF007653FA /* AFURLRequestSerialization.h */ = {isa = PBXFileReference; fileEncoding = 4; lastKnownFileType = sourcecode.c.h; path = AFURLRequestSerialization.h; sourceTree = "<group>"; };
		D8D0F86C1A89C7BF007653FA /* AFURLRequestSerialization.m */ = {isa = PBXFileReference; fileEncoding = 4; lastKnownFileType = sourcecode.c.objc; path = AFURLRequestSerialization.m; sourceTree = "<group>"; };
		D8D0F86D1A89C7BF007653FA /* AFURLResponseSerialization.h */ = {isa = PBXFileReference; fileEncoding = 4; lastKnownFileType = sourcecode.c.h; path = AFURLResponseSerialization.h; sourceTree = "<group>"; };
		D8D0F86E1A89C7BF007653FA /* AFURLResponseSerialization.m */ = {isa = PBXFileReference; fileEncoding = 4; lastKnownFileType = sourcecode.c.objc; path = AFURLResponseSerialization.m; sourceTree = "<group>"; };
		D8D0F86F1A89C7BF007653FA /* AFURLSessionManager.h */ = {isa = PBXFileReference; fileEncoding = 4; lastKnownFileType = sourcecode.c.h; path = AFURLSessionManager.h; sourceTree = "<group>"; };
		D8D0F8701A89C7BF007653FA /* AFURLSessionManager.m */ = {isa = PBXFileReference; fileEncoding = 4; lastKnownFileType = sourcecode.c.objc; path = AFURLSessionManager.m; sourceTree = "<group>"; };
		D8D0F8E11A89C7BF007653FA /* AFNetworkActivityIndicatorManager.h */ = {isa = PBXFileReference; fileEncoding = 4; lastKnownFileType = sourcecode.c.h; path = AFNetworkActivityIndicatorManager.h; sourceTree = "<group>"; };
		D8D0F8E21A89C7BF007653FA /* AFNetworkActivityIndicatorManager.m */ = {isa = PBXFileReference; fileEncoding = 4; lastKnownFileType = sourcecode.c.objc; path = AFNetworkActivityIndicatorManager.m; sourceTree = "<group>"; };
		D8D0F8E31A89C7BF007653FA /* UIActivityIndicatorView+AFNetworking.h */ = {isa = PBXFileReference; fileEncoding = 4; lastKnownFileType = sourcecode.c.h; path = "UIActivityIndicatorView+AFNetworking.h"; sourceTree = "<group>"; };
		D8D0F8E41A89C7BF007653FA /* UIActivityIndicatorView+AFNetworking.m */ = {isa = PBXFileReference; fileEncoding = 4; lastKnownFileType = sourcecode.c.objc; path = "UIActivityIndicatorView+AFNetworking.m"; sourceTree = "<group>"; };
		D8D0F8E51A89C7BF007653FA /* UIAlertView+AFNetworking.h */ = {isa = PBXFileReference; fileEncoding = 4; lastKnownFileType = sourcecode.c.h; path = "UIAlertView+AFNetworking.h"; sourceTree = "<group>"; };
		D8D0F8E61A89C7BF007653FA /* UIAlertView+AFNetworking.m */ = {isa = PBXFileReference; fileEncoding = 4; lastKnownFileType = sourcecode.c.objc; path = "UIAlertView+AFNetworking.m"; sourceTree = "<group>"; };
		D8D0F8E71A89C7BF007653FA /* UIButton+AFNetworking.h */ = {isa = PBXFileReference; fileEncoding = 4; lastKnownFileType = sourcecode.c.h; path = "UIButton+AFNetworking.h"; sourceTree = "<group>"; };
		D8D0F8E81A89C7BF007653FA /* UIButton+AFNetworking.m */ = {isa = PBXFileReference; fileEncoding = 4; lastKnownFileType = sourcecode.c.objc; path = "UIButton+AFNetworking.m"; sourceTree = "<group>"; };
		D8D0F8E91A89C7BF007653FA /* UIImageView+AFNetworking.h */ = {isa = PBXFileReference; fileEncoding = 4; lastKnownFileType = sourcecode.c.h; path = "UIImageView+AFNetworking.h"; sourceTree = "<group>"; };
		D8D0F8EA1A89C7BF007653FA /* UIImageView+AFNetworking.m */ = {isa = PBXFileReference; fileEncoding = 4; lastKnownFileType = sourcecode.c.objc; path = "UIImageView+AFNetworking.m"; sourceTree = "<group>"; };
		D8D0F8EB1A89C7BF007653FA /* UIKit+AFNetworking.h */ = {isa = PBXFileReference; fileEncoding = 4; lastKnownFileType = sourcecode.c.h; path = "UIKit+AFNetworking.h"; sourceTree = "<group>"; };
		D8D0F8EC1A89C7BF007653FA /* UIProgressView+AFNetworking.h */ = {isa = PBXFileReference; fileEncoding = 4; lastKnownFileType = sourcecode.c.h; path = "UIProgressView+AFNetworking.h"; sourceTree = "<group>"; };
		D8D0F8ED1A89C7BF007653FA /* UIProgressView+AFNetworking.m */ = {isa = PBXFileReference; fileEncoding = 4; lastKnownFileType = sourcecode.c.objc; path = "UIProgressView+AFNetworking.m"; sourceTree = "<group>"; };
		D8D0F8EE1A89C7BF007653FA /* UIRefreshControl+AFNetworking.h */ = {isa = PBXFileReference; fileEncoding = 4; lastKnownFileType = sourcecode.c.h; path = "UIRefreshControl+AFNetworking.h"; sourceTree = "<group>"; };
		D8D0F8EF1A89C7BF007653FA /* UIRefreshControl+AFNetworking.m */ = {isa = PBXFileReference; fileEncoding = 4; lastKnownFileType = sourcecode.c.objc; path = "UIRefreshControl+AFNetworking.m"; sourceTree = "<group>"; };
		D8D0F8F01A89C7BF007653FA /* UIWebView+AFNetworking.h */ = {isa = PBXFileReference; fileEncoding = 4; lastKnownFileType = sourcecode.c.h; path = "UIWebView+AFNetworking.h"; sourceTree = "<group>"; };
		D8D0F8F11A89C7BF007653FA /* UIWebView+AFNetworking.m */ = {isa = PBXFileReference; fileEncoding = 4; lastKnownFileType = sourcecode.c.objc; path = "UIWebView+AFNetworking.m"; sourceTree = "<group>"; };
		D8D0F8F31A89C7BF007653FA /* HTMLNode.h */ = {isa = PBXFileReference; fileEncoding = 4; lastKnownFileType = sourcecode.c.h; path = HTMLNode.h; sourceTree = "<group>"; };
		D8D0F8F41A89C7BF007653FA /* HTMLNode.m */ = {isa = PBXFileReference; fileEncoding = 4; lastKnownFileType = sourcecode.c.objc; path = HTMLNode.m; sourceTree = "<group>"; };
		D8D0F8F51A89C7BF007653FA /* HTMLParser.h */ = {isa = PBXFileReference; fileEncoding = 4; lastKnownFileType = sourcecode.c.h; path = HTMLParser.h; sourceTree = "<group>"; };
		D8D0F8F61A89C7BF007653FA /* HTMLParser.m */ = {isa = PBXFileReference; fileEncoding = 4; lastKnownFileType = sourcecode.c.objc; path = HTMLParser.m; sourceTree = "<group>"; };
		D8D0F95F1A89C806007653FA /* libxml2.dylib */ = {isa = PBXFileReference; lastKnownFileType = "compiled.mach-o.dylib"; name = libxml2.dylib; path = usr/lib/libxml2.dylib; sourceTree = SDKROOT; };
		D8D0F9611A89CB8B007653FA /* CoreLocation.framework */ = {isa = PBXFileReference; lastKnownFileType = wrapper.framework; name = CoreLocation.framework; path = System/Library/Frameworks/CoreLocation.framework; sourceTree = SDKROOT; };
		D8D0F9641A89CD27007653FA /* PISAnnotation.h */ = {isa = PBXFileReference; fileEncoding = 4; lastKnownFileType = sourcecode.c.h; path = PISAnnotation.h; sourceTree = "<group>"; };
		D8D0F9651A89CD27007653FA /* PISAnnotation.m */ = {isa = PBXFileReference; fileEncoding = 4; lastKnownFileType = sourcecode.c.objc; path = PISAnnotation.m; sourceTree = "<group>"; };
/* End PBXFileReference section */

/* Begin PBXFrameworksBuildPhase section */
		D8D0F82A1A89C750007653FA /* Frameworks */ = {
			isa = PBXFrameworksBuildPhase;
			buildActionMask = 2147483647;
			files = (
				D8D0F9621A89CB8B007653FA /* CoreLocation.framework in Frameworks */,
				D8D0F9601A89C806007653FA /* libxml2.dylib in Frameworks */,
				D8D0F8571A89C786007653FA /* MapKit.framework in Frameworks */,
			);
			runOnlyForDeploymentPostprocessing = 0;
		};
		D8D0F8431A89C750007653FA /* Frameworks */ = {
			isa = PBXFrameworksBuildPhase;
			buildActionMask = 2147483647;
			files = (
			);
			runOnlyForDeploymentPostprocessing = 0;
		};
/* End PBXFrameworksBuildPhase section */

/* Begin PBXGroup section */
		D8D0F8241A89C750007653FA = {
			isa = PBXGroup;
			children = (
				D8D0F9631A89CB93007653FA /* Frameworks & Libraries */,
				D8D0F8581A89C7BF007653FA /* Third-Party */,
				D8D0F82F1A89C750007653FA /* Pollution Index Scraper */,
				D8D0F8491A89C750007653FA /* Pollution Index ScraperTests */,
				D8D0F82E1A89C750007653FA /* Products */,
			);
			sourceTree = "<group>";
		};
		D8D0F82E1A89C750007653FA /* Products */ = {
			isa = PBXGroup;
			children = (
				D8D0F82D1A89C750007653FA /* Pollution Index Scraper.app */,
				D8D0F8461A89C750007653FA /* Pollution Index ScraperTests.xctest */,
			);
			name = Products;
			sourceTree = "<group>";
		};
		D8D0F82F1A89C750007653FA /* Pollution Index Scraper */ = {
			isa = PBXGroup;
			children = (
				D8D0F8341A89C750007653FA /* AppDelegate.h */,
				D8D0F8351A89C750007653FA /* AppDelegate.m */,
				D8D0F8371A89C750007653FA /* ViewController.h */,
				D8D0F8381A89C750007653FA /* ViewController.m */,
				D8D0F83A1A89C750007653FA /* Main.storyboard */,
				D8D0F83D1A89C750007653FA /* Images.xcassets */,
				D8D0F83F1A89C750007653FA /* LaunchScreen.xib */,
				D8D0F8301A89C750007653FA /* Supporting Files */,
				D8D0F9641A89CD27007653FA /* PISAnnotation.h */,
				D8D0F9651A89CD27007653FA /* PISAnnotation.m */,
			);
			path = "Pollution Index Scraper";
			sourceTree = "<group>";
		};
		D8D0F8301A89C750007653FA /* Supporting Files */ = {
			isa = PBXGroup;
			children = (
				D8D0F8311A89C750007653FA /* Info.plist */,
				D8D0F8321A89C750007653FA /* main.m */,
			);
			name = "Supporting Files";
			sourceTree = "<group>";
		};
		D8D0F8491A89C750007653FA /* Pollution Index ScraperTests */ = {
			isa = PBXGroup;
			children = (
				D8D0F84C1A89C750007653FA /* Pollution_Index_ScraperTests.m */,
				D8D0F84A1A89C750007653FA /* Supporting Files */,
			);
			path = "Pollution Index ScraperTests";
			sourceTree = "<group>";
		};
		D8D0F84A1A89C750007653FA /* Supporting Files */ = {
			isa = PBXGroup;
			children = (
				D8D0F84B1A89C750007653FA /* Info.plist */,
			);
			name = "Supporting Files";
			sourceTree = "<group>";
		};
		D8D0F8581A89C7BF007653FA /* Third-Party */ = {
			isa = PBXGroup;
			children = (
				D8D0F8591A89C7BF007653FA /* AFNetworking-master */,
				D8D0F8F21A89C7BF007653FA /* Objective-C-HMTL-Parser-master */,
			);
			path = "Third-Party";
			sourceTree = "<group>";
		};
		D8D0F8591A89C7BF007653FA /* AFNetworking-master */ = {
			isa = PBXGroup;
			children = (
				D8D0F85D1A89C7BF007653FA /* AFNetworking */,
				D8D0F8E01A89C7BF007653FA /* UIKit+AFNetworking */,
			);
			path = "AFNetworking-master";
			sourceTree = "<group>";
		};
		D8D0F85D1A89C7BF007653FA /* AFNetworking */ = {
			isa = PBXGroup;
			children = (
				D8D0F85E1A89C7BF007653FA /* AFHTTPRequestOperation.h */,
				D8D0F85F1A89C7BF007653FA /* AFHTTPRequestOperation.m */,
				D8D0F8601A89C7BF007653FA /* AFHTTPRequestOperationManager.h */,
				D8D0F8611A89C7BF007653FA /* AFHTTPRequestOperationManager.m */,
				D8D0F8621A89C7BF007653FA /* AFHTTPSessionManager.h */,
				D8D0F8631A89C7BF007653FA /* AFHTTPSessionManager.m */,
				D8D0F8641A89C7BF007653FA /* AFNetworking.h */,
				D8D0F8651A89C7BF007653FA /* AFNetworkReachabilityManager.h */,
				D8D0F8661A89C7BF007653FA /* AFNetworkReachabilityManager.m */,
				D8D0F8671A89C7BF007653FA /* AFSecurityPolicy.h */,
				D8D0F8681A89C7BF007653FA /* AFSecurityPolicy.m */,
				D8D0F8691A89C7BF007653FA /* AFURLConnectionOperation.h */,
				D8D0F86A1A89C7BF007653FA /* AFURLConnectionOperation.m */,
				D8D0F86B1A89C7BF007653FA /* AFURLRequestSerialization.h */,
				D8D0F86C1A89C7BF007653FA /* AFURLRequestSerialization.m */,
				D8D0F86D1A89C7BF007653FA /* AFURLResponseSerialization.h */,
				D8D0F86E1A89C7BF007653FA /* AFURLResponseSerialization.m */,
				D8D0F86F1A89C7BF007653FA /* AFURLSessionManager.h */,
				D8D0F8701A89C7BF007653FA /* AFURLSessionManager.m */,
			);
			path = AFNetworking;
			sourceTree = "<group>";
		};
		D8D0F8E01A89C7BF007653FA /* UIKit+AFNetworking */ = {
			isa = PBXGroup;
			children = (
				D8D0F8E11A89C7BF007653FA /* AFNetworkActivityIndicatorManager.h */,
				D8D0F8E21A89C7BF007653FA /* AFNetworkActivityIndicatorManager.m */,
				D8D0F8E31A89C7BF007653FA /* UIActivityIndicatorView+AFNetworking.h */,
				D8D0F8E41A89C7BF007653FA /* UIActivityIndicatorView+AFNetworking.m */,
				D8D0F8E51A89C7BF007653FA /* UIAlertView+AFNetworking.h */,
				D8D0F8E61A89C7BF007653FA /* UIAlertView+AFNetworking.m */,
				D8D0F8E71A89C7BF007653FA /* UIButton+AFNetworking.h */,
				D8D0F8E81A89C7BF007653FA /* UIButton+AFNetworking.m */,
				D8D0F8E91A89C7BF007653FA /* UIImageView+AFNetworking.h */,
				D8D0F8EA1A89C7BF007653FA /* UIImageView+AFNetworking.m */,
				D8D0F8EB1A89C7BF007653FA /* UIKit+AFNetworking.h */,
				D8D0F8EC1A89C7BF007653FA /* UIProgressView+AFNetworking.h */,
				D8D0F8ED1A89C7BF007653FA /* UIProgressView+AFNetworking.m */,
				D8D0F8EE1A89C7BF007653FA /* UIRefreshControl+AFNetworking.h */,
				D8D0F8EF1A89C7BF007653FA /* UIRefreshControl+AFNetworking.m */,
				D8D0F8F01A89C7BF007653FA /* UIWebView+AFNetworking.h */,
				D8D0F8F11A89C7BF007653FA /* UIWebView+AFNetworking.m */,
			);
			path = "UIKit+AFNetworking";
			sourceTree = "<group>";
		};
		D8D0F8F21A89C7BF007653FA /* Objective-C-HMTL-Parser-master */ = {
			isa = PBXGroup;
			children = (
				D8D0F8F31A89C7BF007653FA /* HTMLNode.h */,
				D8D0F8F41A89C7BF007653FA /* HTMLNode.m */,
				D8D0F8F51A89C7BF007653FA /* HTMLParser.h */,
				D8D0F8F61A89C7BF007653FA /* HTMLParser.m */,
			);
			path = "Objective-C-HMTL-Parser-master";
			sourceTree = "<group>";
		};
		D8D0F9631A89CB93007653FA /* Frameworks & Libraries */ = {
			isa = PBXGroup;
			children = (
				D8D0F8561A89C786007653FA /* MapKit.framework */,
				D8D0F9611A89CB8B007653FA /* CoreLocation.framework */,
				D8D0F95F1A89C806007653FA /* libxml2.dylib */,
			);
			name = "Frameworks & Libraries";
			sourceTree = "<group>";
		};
/* End PBXGroup section */

/* Begin PBXNativeTarget section */
		D8D0F82C1A89C750007653FA /* Pollution Index Scraper */ = {
			isa = PBXNativeTarget;
			buildConfigurationList = D8D0F8501A89C750007653FA /* Build configuration list for PBXNativeTarget "Pollution Index Scraper" */;
			buildPhases = (
				D8D0F8291A89C750007653FA /* Sources */,
				D8D0F82A1A89C750007653FA /* Frameworks */,
				D8D0F82B1A89C750007653FA /* Resources */,
			);
			buildRules = (
			);
			dependencies = (
			);
			name = "Pollution Index Scraper";
			productName = "Pollution Index Scraper";
			productReference = D8D0F82D1A89C750007653FA /* Pollution Index Scraper.app */;
			productType = "com.apple.product-type.application";
		};
		D8D0F8451A89C750007653FA /* Pollution Index ScraperTests */ = {
			isa = PBXNativeTarget;
			buildConfigurationList = D8D0F8531A89C750007653FA /* Build configuration list for PBXNativeTarget "Pollution Index ScraperTests" */;
			buildPhases = (
				D8D0F8421A89C750007653FA /* Sources */,
				D8D0F8431A89C750007653FA /* Frameworks */,
				D8D0F8441A89C750007653FA /* Resources */,
			);
			buildRules = (
			);
			dependencies = (
				D8D0F8481A89C750007653FA /* PBXTargetDependency */,
			);
			name = "Pollution Index ScraperTests";
			productName = "Pollution Index ScraperTests";
			productReference = D8D0F8461A89C750007653FA /* Pollution Index ScraperTests.xctest */;
			productType = "com.apple.product-type.bundle.unit-test";
		};
/* End PBXNativeTarget section */

/* Begin PBXProject section */
		D8D0F8251A89C750007653FA /* Project object */ = {
			isa = PBXProject;
			attributes = {
				LastUpgradeCheck = 0610;
				ORGANIZATIONNAME = "Seena Studios";
				TargetAttributes = {
					D8D0F82C1A89C750007653FA = {
						CreatedOnToolsVersion = 6.1.1;
					};
					D8D0F8451A89C750007653FA = {
						CreatedOnToolsVersion = 6.1.1;
						TestTargetID = D8D0F82C1A89C750007653FA;
					};
				};
			};
			buildConfigurationList = D8D0F8281A89C750007653FA /* Build configuration list for PBXProject "Pollution Index Scraper" */;
			compatibilityVersion = "Xcode 3.2";
			developmentRegion = English;
			hasScannedForEncodings = 0;
			knownRegions = (
				en,
				Base,
			);
			mainGroup = D8D0F8241A89C750007653FA;
			productRefGroup = D8D0F82E1A89C750007653FA /* Products */;
			projectDirPath = "";
			projectRoot = "";
			targets = (
				D8D0F82C1A89C750007653FA /* Pollution Index Scraper */,
				D8D0F8451A89C750007653FA /* Pollution Index ScraperTests */,
			);
		};
/* End PBXProject section */

/* Begin PBXResourcesBuildPhase section */
		D8D0F82B1A89C750007653FA /* Resources */ = {
			isa = PBXResourcesBuildPhase;
			buildActionMask = 2147483647;
			files = (
				D8D0F83C1A89C750007653FA /* Main.storyboard in Resources */,
				D8D0F8411A89C750007653FA /* LaunchScreen.xib in Resources */,
				D8D0F83E1A89C750007653FA /* Images.xcassets in Resources */,
			);
			runOnlyForDeploymentPostprocessing = 0;
		};
		D8D0F8441A89C750007653FA /* Resources */ = {
			isa = PBXResourcesBuildPhase;
			buildActionMask = 2147483647;
			files = (
			);
			runOnlyForDeploymentPostprocessing = 0;
		};
/* End PBXResourcesBuildPhase section */

/* Begin PBXSourcesBuildPhase section */
		D8D0F8291A89C750007653FA /* Sources */ = {
			isa = PBXSourcesBuildPhase;
			buildActionMask = 2147483647;
			files = (
				D8D0F8FB1A89C7BF007653FA /* AFHTTPRequestOperation.m in Sources */,
				D8D0F94B1A89C7BF007653FA /* UIButton+AFNetworking.m in Sources */,
				D8D0F9491A89C7BF007653FA /* UIActivityIndicatorView+AFNetworking.m in Sources */,
				D8D0F94A1A89C7BF007653FA /* UIAlertView+AFNetworking.m in Sources */,
				D8D0F8391A89C750007653FA /* ViewController.m in Sources */,
				D8D0F8FC1A89C7BF007653FA /* AFHTTPRequestOperationManager.m in Sources */,
				D8D0F8FE1A89C7BF007653FA /* AFNetworkReachabilityManager.m in Sources */,
				D8D0F9021A89C7BF007653FA /* AFURLResponseSerialization.m in Sources */,
				D8D0F9001A89C7BF007653FA /* AFURLConnectionOperation.m in Sources */,
				D8D0F9661A89CD27007653FA /* PISAnnotation.m in Sources */,
				D8D0F94F1A89C7BF007653FA /* UIWebView+AFNetworking.m in Sources */,
				D8D0F8FF1A89C7BF007653FA /* AFSecurityPolicy.m in Sources */,
				D8D0F9501A89C7BF007653FA /* HTMLNode.m in Sources */,
				D8D0F8FD1A89C7BF007653FA /* AFHTTPSessionManager.m in Sources */,
				D8D0F9511A89C7BF007653FA /* HTMLParser.m in Sources */,
				D8D0F94C1A89C7BF007653FA /* UIImageView+AFNetworking.m in Sources */,
				D8D0F94D1A89C7BF007653FA /* UIProgressView+AFNetworking.m in Sources */,
				D8D0F9011A89C7BF007653FA /* AFURLRequestSerialization.m in Sources */,
				D8D0F94E1A89C7BF007653FA /* UIRefreshControl+AFNetworking.m in Sources */,
				D8D0F9031A89C7BF007653FA /* AFURLSessionManager.m in Sources */,
				D8D0F8361A89C750007653FA /* AppDelegate.m in Sources */,
				D8D0F8331A89C750007653FA /* main.m in Sources */,
				D8D0F9481A89C7BF007653FA /* AFNetworkActivityIndicatorManager.m in Sources */,
			);
			runOnlyForDeploymentPostprocessing = 0;
		};
		D8D0F8421A89C750007653FA /* Sources */ = {
			isa = PBXSourcesBuildPhase;
			buildActionMask = 2147483647;
			files = (
				D8D0F84D1A89C750007653FA /* Pollution_Index_ScraperTests.m in Sources */,
			);
			runOnlyForDeploymentPostprocessing = 0;
		};
/* End PBXSourcesBuildPhase section */

/* Begin PBXTargetDependency section */
		D8D0F8481A89C750007653FA /* PBXTargetDependency */ = {
			isa = PBXTargetDependency;
			target = D8D0F82C1A89C750007653FA /* Pollution Index Scraper */;
			targetProxy = D8D0F8471A89C750007653FA /* PBXContainerItemProxy */;
		};
/* End PBXTargetDependency section */

/* Begin PBXVariantGroup section */
		D8D0F83A1A89C750007653FA /* Main.storyboard */ = {
			isa = PBXVariantGroup;
			children = (
				D8D0F83B1A89C750007653FA /* Base */,
			);
			name = Main.storyboard;
			sourceTree = "<group>";
		};
		D8D0F83F1A89C750007653FA /* LaunchScreen.xib */ = {
			isa = PBXVariantGroup;
			children = (
				D8D0F8401A89C750007653FA /* Base */,
			);
			name = LaunchScreen.xib;
			sourceTree = "<group>";
		};
/* End PBXVariantGroup section */

/* Begin XCBuildConfiguration section */
		D8D0F84E1A89C750007653FA /* Debug */ = {
			isa = XCBuildConfiguration;
			buildSettings = {
				ALWAYS_SEARCH_USER_PATHS = NO;
				CLANG_CXX_LANGUAGE_STANDARD = "gnu++0x";
				CLANG_CXX_LIBRARY = "libc++";
				CLANG_ENABLE_MODULES = YES;
				CLANG_ENABLE_OBJC_ARC = YES;
				CLANG_WARN_BOOL_CONVERSION = YES;
				CLANG_WARN_CONSTANT_CONVERSION = YES;
				CLANG_WARN_DIRECT_OBJC_ISA_USAGE = YES_ERROR;
				CLANG_WARN_EMPTY_BODY = YES;
				CLANG_WARN_ENUM_CONVERSION = YES;
				CLANG_WARN_INT_CONVERSION = YES;
				CLANG_WARN_OBJC_ROOT_CLASS = YES_ERROR;
				CLANG_WARN_UNREACHABLE_CODE = YES;
				CLANG_WARN__DUPLICATE_METHOD_MATCH = YES;
				"CODE_SIGN_IDENTITY[sdk=iphoneos*]" = "iPhone Developer";
				COPY_PHASE_STRIP = NO;
				ENABLE_STRICT_OBJC_MSGSEND = YES;
				GCC_C_LANGUAGE_STANDARD = gnu99;
				GCC_DYNAMIC_NO_PIC = NO;
				GCC_OPTIMIZATION_LEVEL = 0;
				GCC_PREPROCESSOR_DEFINITIONS = (
					"DEBUG=1",
					"$(inherited)",
				);
				GCC_SYMBOLS_PRIVATE_EXTERN = NO;
				GCC_WARN_64_TO_32_BIT_CONVERSION = YES;
				GCC_WARN_ABOUT_RETURN_TYPE = YES_ERROR;
				GCC_WARN_UNDECLARED_SELECTOR = YES;
				GCC_WARN_UNINITIALIZED_AUTOS = YES_AGGRESSIVE;
				GCC_WARN_UNUSED_FUNCTION = YES;
				GCC_WARN_UNUSED_VARIABLE = YES;
				IPHONEOS_DEPLOYMENT_TARGET = 8.1;
				MTL_ENABLE_DEBUG_INFO = YES;
				ONLY_ACTIVE_ARCH = YES;
				SDKROOT = iphoneos;
				TARGETED_DEVICE_FAMILY = "1,2";
			};
			name = Debug;
		};
		D8D0F84F1A89C750007653FA /* Release */ = {
			isa = XCBuildConfiguration;
			buildSettings = {
				ALWAYS_SEARCH_USER_PATHS = NO;
				CLANG_CXX_LANGUAGE_STANDARD = "gnu++0x";
				CLANG_CXX_LIBRARY = "libc++";
				CLANG_ENABLE_MODULES = YES;
				CLANG_ENABLE_OBJC_ARC = YES;
				CLANG_WARN_BOOL_CONVERSION = YES;
				CLANG_WARN_CONSTANT_CONVERSION = YES;
				CLANG_WARN_DIRECT_OBJC_ISA_USAGE = YES_ERROR;
				CLANG_WARN_EMPTY_BODY = YES;
				CLANG_WARN_ENUM_CONVERSION = YES;
				CLANG_WARN_INT_CONVERSION = YES;
				CLANG_WARN_OBJC_ROOT_CLASS = YES_ERROR;
				CLANG_WARN_UNREACHABLE_CODE = YES;
				CLANG_WARN__DUPLICATE_METHOD_MATCH = YES;
				"CODE_SIGN_IDENTITY[sdk=iphoneos*]" = "iPhone Developer";
				COPY_PHASE_STRIP = YES;
				ENABLE_NS_ASSERTIONS = NO;
				ENABLE_STRICT_OBJC_MSGSEND = YES;
				GCC_C_LANGUAGE_STANDARD = gnu99;
				GCC_WARN_64_TO_32_BIT_CONVERSION = YES;
				GCC_WARN_ABOUT_RETURN_TYPE = YES_ERROR;
				GCC_WARN_UNDECLARED_SELECTOR = YES;
				GCC_WARN_UNINITIALIZED_AUTOS = YES_AGGRESSIVE;
				GCC_WARN_UNUSED_FUNCTION = YES;
				GCC_WARN_UNUSED_VARIABLE = YES;
				IPHONEOS_DEPLOYMENT_TARGET = 8.1;
				MTL_ENABLE_DEBUG_INFO = NO;
				SDKROOT = iphoneos;
				TARGETED_DEVICE_FAMILY = "1,2";
				VALIDATE_PRODUCT = YES;
			};
			name = Release;
		};
		D8D0F8511A89C750007653FA /* Debug */ = {
			isa = XCBuildConfiguration;
			buildSettings = {
				ASSETCATALOG_COMPILER_APPICON_NAME = AppIcon;
				HEADER_SEARCH_PATHS = (
					"$(inherited)",
					/Applications/Xcode.app/Contents/Developer/Toolchains/XcodeDefault.xctoolchain/usr/include,
					"$(SDK_DIR)/usr/include/libxml2",
				);
				INFOPLIST_FILE = "Pollution Index Scraper/Info.plist";
				LD_RUNPATH_SEARCH_PATHS = "$(inherited) @executable_path/Frameworks";
				PRODUCT_NAME = "$(TARGET_NAME)";
			};
			name = Debug;
		};
		D8D0F8521A89C750007653FA /* Release */ = {
			isa = XCBuildConfiguration;
			buildSettings = {
				ASSETCATALOG_COMPILER_APPICON_NAME = AppIcon;
				HEADER_SEARCH_PATHS = (
					"$(inherited)",
					/Applications/Xcode.app/Contents/Developer/Toolchains/XcodeDefault.xctoolchain/usr/include,
					"$(SDK_DIR)/usr/include/libxml2",
				);
				INFOPLIST_FILE = "Pollution Index Scraper/Info.plist";
				LD_RUNPATH_SEARCH_PATHS = "$(inherited) @executable_path/Frameworks";
				PRODUCT_NAME = "$(TARGET_NAME)";
			};
			name = Release;
		};
		D8D0F8541A89C750007653FA /* Debug */ = {
			isa = XCBuildConfiguration;
			buildSettings = {
				BUNDLE_LOADER = "$(TEST_HOST)";
				FRAMEWORK_SEARCH_PATHS = (
					"$(SDKROOT)/Developer/Library/Frameworks",
					"$(inherited)",
				);
				GCC_PREPROCESSOR_DEFINITIONS = (
					"DEBUG=1",
					"$(inherited)",
				);
				INFOPLIST_FILE = "Pollution Index ScraperTests/Info.plist";
				LD_RUNPATH_SEARCH_PATHS = "$(inherited) @executable_path/Frameworks @loader_path/Frameworks";
				PRODUCT_NAME = "$(TARGET_NAME)";
				TEST_HOST = "$(BUILT_PRODUCTS_DIR)/Pollution Index Scraper.app/Pollution Index Scraper";
			};
			name = Debug;
		};
		D8D0F8551A89C750007653FA /* Release */ = {
			isa = XCBuildConfiguration;
			buildSettings = {
				BUNDLE_LOADER = "$(TEST_HOST)";
				FRAMEWORK_SEARCH_PATHS = (
					"$(SDKROOT)/Developer/Library/Frameworks",
					"$(inherited)",
				);
				INFOPLIST_FILE = "Pollution Index ScraperTests/Info.plist";
				LD_RUNPATH_SEARCH_PATHS = "$(inherited) @executable_path/Frameworks @loader_path/Frameworks";
				PRODUCT_NAME = "$(TARGET_NAME)";
				TEST_HOST = "$(BUILT_PRODUCTS_DIR)/Pollution Index Scraper.app/Pollution Index Scraper";
			};
			name = Release;
		};
/* End XCBuildConfiguration section */

/* Begin XCConfigurationList section */
		D8D0F8281A89C750007653FA /* Build configuration list for PBXProject "Pollution Index Scraper" */ = {
			isa = XCConfigurationList;
			buildConfigurations = (
				D8D0F84E1A89C750007653FA /* Debug */,
				D8D0F84F1A89C750007653FA /* Release */,
			);
			defaultConfigurationIsVisible = 0;
			defaultConfigurationName = Release;
		};
		D8D0F8501A89C750007653FA /* Build configuration list for PBXNativeTarget "Pollution Index Scraper" */ = {
			isa = XCConfigurationList;
			buildConfigurations = (
				D8D0F8511A89C750007653FA /* Debug */,
				D8D0F8521A89C750007653FA /* Release */,
			);
			defaultConfigurationIsVisible = 0;
		};
		D8D0F8531A89C750007653FA /* Build configuration list for PBXNativeTarget "Pollution Index ScraperTests" */ = {
			isa = XCConfigurationList;
			buildConfigurations = (
				D8D0F8541A89C750007653FA /* Debug */,
				D8D0F8551A89C750007653FA /* Release */,
			);
			defaultConfigurationIsVisible = 0;
		};
/* End XCConfigurationList section */
	};
	rootObject = D8D0F8251A89C750007653FA /* Project object */;
}
